// !$*UTF8*$!
{
	archiveVersion = 1;
	classes = {
	};
	objectVersion = 50;
	objects = {

/* Begin PBXBuildFile section */
		A9757EAC24CC47EC00847031 /* T2ilesApp.swift in Sources */ = {isa = PBXBuildFile; fileRef = A9757EAB24CC47EC00847031 /* T2ilesApp.swift */; };
		A9757EB324CC47EC00847031 /* Preview Assets.xcassets in Resources */ = {isa = PBXBuildFile; fileRef = A9757EB224CC47EC00847031 /* Preview Assets.xcassets */; };
		A9757EBE24CC47EC00847031 /* DirectionTests.swift in Sources */ = {isa = PBXBuildFile; fileRef = A9757EBD24CC47EC00847031 /* DirectionTests.swift */; };
		A9757EC924CC47EC00847031 /* AppLaunchUITests.swift in Sources */ = {isa = PBXBuildFile; fileRef = A9757EC824CC47EC00847031 /* AppLaunchUITests.swift */; };
		A9757F1F24CC481E00847031 /* Assets.xcassets in Resources */ = {isa = PBXBuildFile; fileRef = A9757ED724CC481E00847031 /* Assets.xcassets */; };
		A9757F2024CC481E00847031 /* Merge.mp3 in Resources */ = {isa = PBXBuildFile; fileRef = A9757ED924CC481E00847031 /* Merge.mp3 */; };
		A9757F2124CC481E00847031 /* License.txt in Resources */ = {isa = PBXBuildFile; fileRef = A9757EDA24CC481E00847031 /* License.txt */; };
		A9757F2224CC481E00847031 /* Add.mp3 in Resources */ = {isa = PBXBuildFile; fileRef = A9757EDB24CC481E00847031 /* Add.mp3 */; };
		A9757F2324CC481E00847031 /* Strings.plist in Resources */ = {isa = PBXBuildFile; fileRef = A9757EDC24CC481E00847031 /* Strings.plist */; };
		A9757F2424CC481E00847031 /* ColorSchemeBackgroundThemeEnvironmentKey.swift in Sources */ = {isa = PBXBuildFile; fileRef = A9757EDF24CC481E00847031 /* ColorSchemeBackgroundThemeEnvironmentKey.swift */; };
		A9757F2524CC481E00847031 /* TileColorThemeEnvironmentKey.swift in Sources */ = {isa = PBXBuildFile; fileRef = A9757EE024CC481E00847031 /* TileColorThemeEnvironmentKey.swift */; };
		A9757F2624CC481E00847031 /* TileBoardSizeEnvironmentKey.swift in Sources */ = {isa = PBXBuildFile; fileRef = A9757EE124CC481E00847031 /* TileBoardSizeEnvironmentKey.swift */; };
		A9757F2724CC481E00847031 /* GameBoardSizeEnvironmentKey.swift in Sources */ = {isa = PBXBuildFile; fileRef = A9757EE224CC481E00847031 /* GameBoardSizeEnvironmentKey.swift */; };
		A9757F2824CC481E00847031 /* PlistConfiguration.swift in Sources */ = {isa = PBXBuildFile; fileRef = A9757EE524CC481E00847031 /* PlistConfiguration.swift */; };
		A9757F2924CC481E00847031 /* PlistConfigurationKeyPath.swift in Sources */ = {isa = PBXBuildFile; fileRef = A9757EE624CC481E00847031 /* PlistConfigurationKeyPath.swift */; };
		A9757F2A24CC481E00847031 /* AppStorageKeys.swift in Sources */ = {isa = PBXBuildFile; fileRef = A9757EE724CC481E00847031 /* AppStorageKeys.swift */; };
		A9757F2B24CC481E00847031 /* SelectedView.swift in Sources */ = {isa = PBXBuildFile; fileRef = A9757EE924CC481E00847031 /* SelectedView.swift */; };
		A9757F2C24CC481E00847031 /* GameLogic.swift in Sources */ = {isa = PBXBuildFile; fileRef = A9757EEB24CC481E00847031 /* GameLogic.swift */; };
		A9757F2D24CC481E00847031 /* BoardSize.swift in Sources */ = {isa = PBXBuildFile; fileRef = A9757EEC24CC481E00847031 /* BoardSize.swift */; };
		A9757F2E24CC481E00847031 /* GameBoardSizeState.swift in Sources */ = {isa = PBXBuildFile; fileRef = A9757EED24CC481E00847031 /* GameBoardSizeState.swift */; };
		A9757F2F24CC481E00847031 /* TileMatrix.swift in Sources */ = {isa = PBXBuildFile; fileRef = A9757EEF24CC481E00847031 /* TileMatrix.swift */; };
		A9757F3024CC481E00847031 /* ColorSchemeBackgroundTheme.swift in Sources */ = {isa = PBXBuildFile; fileRef = A9757EF124CC481E00847031 /* ColorSchemeBackgroundTheme.swift */; };
		A9757F3124CC481E00847031 /* TileColorTheme.swift in Sources */ = {isa = PBXBuildFile; fileRef = A9757EF224CC481E00847031 /* TileColorTheme.swift */; };
		A9757F3224CC481E00847031 /* StandardTileColorTheme.swift in Sources */ = {isa = PBXBuildFile; fileRef = A9757EF324CC481E00847031 /* StandardTileColorTheme.swift */; };
		A9757F3324CC481E00847031 /* Tile.swift in Sources */ = {isa = PBXBuildFile; fileRef = A9757EF424CC481E00847031 /* Tile.swift */; };
		A9757F3424CC481E00847031 /* Direction.swift in Sources */ = {isa = PBXBuildFile; fileRef = A9757EF524CC481E00847031 /* Direction.swift */; };
		A9757F3524CC481E00847031 /* Edge+InvertedDirection.swift in Sources */ = {isa = PBXBuildFile; fileRef = A9757EF724CC481E00847031 /* Edge+InvertedDirection.swift */; };
		A9757F3624CC481E00847031 /* AnyTransition+TileGenerator.swift in Sources */ = {isa = PBXBuildFile; fileRef = A9757EF824CC481E00847031 /* AnyTransition+TileGenerator.swift */; };
		A9757F3724CC481E00847031 /* Animation+ModalSpring.swift in Sources */ = {isa = PBXBuildFile; fileRef = A9757EF924CC481E00847031 /* Animation+ModalSpring.swift */; };
		A9757F3824CC481E00847031 /* View+Center.swift in Sources */ = {isa = PBXBuildFile; fileRef = A9757EFB24CC481E00847031 /* View+Center.swift */; };
		A9757F3924CC481E00847031 /* View+EraseToAnyView.swift in Sources */ = {isa = PBXBuildFile; fileRef = A9757EFC24CC481E00847031 /* View+EraseToAnyView.swift */; };
		A9757F3A24CC481E00847031 /* Notification.Name+Keys.swift in Sources */ = {isa = PBXBuildFile; fileRef = A9757EFD24CC481E00847031 /* Notification.Name+Keys.swift */; };
		A9757F3B24CC481E00847031 /* FilledBackgroundStyle.swift in Sources */ = {isa = PBXBuildFile; fileRef = A9757EFF24CC481E00847031 /* FilledBackgroundStyle.swift */; };
		A9757F3C24CC481E00847031 /* CheckboxToggleStyle.swift in Sources */ = {isa = PBXBuildFile; fileRef = A9757F0024CC481E00847031 /* CheckboxToggleStyle.swift */; };
		A9757F3D24CC481E00847031 /* Audio.swift in Sources */ = {isa = PBXBuildFile; fileRef = A9757F0224CC481E00847031 /* Audio.swift */; };
		A9757F3E24CC481E00847031 /* AudioSource.swift in Sources */ = {isa = PBXBuildFile; fileRef = A9757F0324CC481E00847031 /* AudioSource.swift */; };
		A9757F3F24CC481E00847031 /* SettingsView.swift in Sources */ = {isa = PBXBuildFile; fileRef = A9757F0624CC481E00847031 /* SettingsView.swift */; };
		A9757F4024CC481E00847031 /* TileBoardSettingView.swift in Sources */ = {isa = PBXBuildFile; fileRef = A9757F0724CC481E00847031 /* TileBoardSettingView.swift */; };
		A9757F4124CC481E00847031 /* AudioSettingView.swift in Sources */ = {isa = PBXBuildFile; fileRef = A9757F0824CC481E00847031 /* AudioSettingView.swift */; };
		A9757F4224CC481E00847031 /* SideMenuView.swift in Sources */ = {isa = PBXBuildFile; fileRef = A9757F0A24CC481E00847031 /* SideMenuView.swift */; };
		A9757F4324CC481E00847031 /* CompositeSideView.swift in Sources */ = {isa = PBXBuildFile; fileRef = A9757F0B24CC481E00847031 /* CompositeSideView.swift */; };
		A9757F4424CC481E00847031 /* AboutView.swift in Sources */ = {isa = PBXBuildFile; fileRef = A9757F0D24CC481E00847031 /* AboutView.swift */; };
		A9757F4524CC481E00847031 /* TileView.swift in Sources */ = {isa = PBXBuildFile; fileRef = A9757F0F24CC481E00847031 /* TileView.swift */; };
		A9757F4624CC481E00847031 /* TileBoardView.swift in Sources */ = {isa = PBXBuildFile; fileRef = A9757F1024CC481E00847031 /* TileBoardView.swift */; };
		A9757F4724CC481E00847031 /* GameStateBottomView.swift in Sources */ = {isa = PBXBuildFile; fileRef = A9757F1124CC481E00847031 /* GameStateBottomView.swift */; };
		A9757F4824CC481E00847031 /* ModalView.swift in Sources */ = {isa = PBXBuildFile; fileRef = A9757F1324CC481E00847031 /* ModalView.swift */; };
		A9757F4924CC481E00847031 /* HeaderView.swift in Sources */ = {isa = PBXBuildFile; fileRef = A9757F1424CC481E00847031 /* HeaderView.swift */; };
		A9757F4A24CC481E00847031 /* CompositeView.swift in Sources */ = {isa = PBXBuildFile; fileRef = A9757F1524CC481E00847031 /* CompositeView.swift */; };
		A9757F4B24CC481E00847031 /* FactoryContentView.swift in Sources */ = {isa = PBXBuildFile; fileRef = A9757F1624CC481E00847031 /* FactoryContentView.swift */; };
		A9757F4C24CC481E00847031 /* Merged.swift in Sources */ = {isa = PBXBuildFile; fileRef = A9757F1824CC481E00847031 /* Merged.swift */; };
		A9757F4D24CC481E00847031 /* AnchoredScale.swift in Sources */ = {isa = PBXBuildFile; fileRef = A9757F1924CC481E00847031 /* AnchoredScale.swift */; };
		A9757F4E24CC481E00847031 /* SlideViewModifier.swift in Sources */ = {isa = PBXBuildFile; fileRef = A9757F1A24CC481E00847031 /* SlideViewModifier.swift */; };
		A9757F4F24CC481E00847031 /* MainViewModifier.swift in Sources */ = {isa = PBXBuildFile; fileRef = A9757F1B24CC481E00847031 /* MainViewModifier.swift */; };
		A9757F5024CC481E00847031 /* BottomSlidableModalModifier.swift in Sources */ = {isa = PBXBuildFile; fileRef = A9757F1C24CC481E00847031 /* BottomSlidableModalModifier.swift */; };
		A9757F5124CC481E00847031 /* BlurEffect.swift in Sources */ = {isa = PBXBuildFile; fileRef = A9757F1D24CC481E00847031 /* BlurEffect.swift */; };
		A9757F5224CC481E00847031 /* RoundedClippedBackground.swift in Sources */ = {isa = PBXBuildFile; fileRef = A9757F1E24CC481E00847031 /* RoundedClippedBackground.swift */; };
		A9757F5424CC497400847031 /* .gitignore in Resources */ = {isa = PBXBuildFile; fileRef = A9757F5324CC497400847031 /* .gitignore */; };
		A9757F5624CC4C9F00847031 /* GameBoardSizeStateTests.swift in Sources */ = {isa = PBXBuildFile; fileRef = A9757F5524CC4C9F00847031 /* GameBoardSizeStateTests.swift */; };
		A9757F5D24CC571800847031 /* logo.png in Resources */ = {isa = PBXBuildFile; fileRef = A9757F5724CC571800847031 /* logo.png */; };
		A9757F5E24CC571800847031 /* 01.gif in Resources */ = {isa = PBXBuildFile; fileRef = A9757F5924CC571800847031 /* 01.gif */; };
		A9757F5F24CC571800847031 /* 03.gif in Resources */ = {isa = PBXBuildFile; fileRef = A9757F5A24CC571800847031 /* 03.gif */; };
		A9757F6024CC571800847031 /* 02.gif in Resources */ = {isa = PBXBuildFile; fileRef = A9757F5B24CC571800847031 /* 02.gif */; };
		A9757F6124CC571800847031 /* 04.gif in Resources */ = {isa = PBXBuildFile; fileRef = A9757F5C24CC571800847031 /* 04.gif */; };
/* End PBXBuildFile section */

/* Begin PBXContainerItemProxy section */
		A9757EBA24CC47EC00847031 /* PBXContainerItemProxy */ = {
			isa = PBXContainerItemProxy;
			containerPortal = A9757EA024CC47EB00847031 /* Project object */;
			proxyType = 1;
			remoteGlobalIDString = A9757EA724CC47EC00847031;
			remoteInfo = T2iles;
		};
		A9757EC524CC47EC00847031 /* PBXContainerItemProxy */ = {
			isa = PBXContainerItemProxy;
			containerPortal = A9757EA024CC47EB00847031 /* Project object */;
			proxyType = 1;
			remoteGlobalIDString = A9757EA724CC47EC00847031;
			remoteInfo = T2iles;
		};
/* End PBXContainerItemProxy section */

/* Begin PBXFileReference section */
		A9757EA824CC47EC00847031 /* T2iles.app */ = {isa = PBXFileReference; explicitFileType = wrapper.application; includeInIndex = 0; path = T2iles.app; sourceTree = BUILT_PRODUCTS_DIR; };
		A9757EAB24CC47EC00847031 /* T2ilesApp.swift */ = {isa = PBXFileReference; lastKnownFileType = sourcecode.swift; path = T2ilesApp.swift; sourceTree = "<group>"; };
		A9757EB224CC47EC00847031 /* Preview Assets.xcassets */ = {isa = PBXFileReference; lastKnownFileType = folder.assetcatalog; path = "Preview Assets.xcassets"; sourceTree = "<group>"; };
		A9757EB424CC47EC00847031 /* Info.plist */ = {isa = PBXFileReference; lastKnownFileType = text.plist.xml; path = Info.plist; sourceTree = "<group>"; };
		A9757EB924CC47EC00847031 /* T2ilesTests.xctest */ = {isa = PBXFileReference; explicitFileType = wrapper.cfbundle; includeInIndex = 0; path = T2ilesTests.xctest; sourceTree = BUILT_PRODUCTS_DIR; };
		A9757EBD24CC47EC00847031 /* DirectionTests.swift */ = {isa = PBXFileReference; lastKnownFileType = sourcecode.swift; path = DirectionTests.swift; sourceTree = "<group>"; };
		A9757EBF24CC47EC00847031 /* Info.plist */ = {isa = PBXFileReference; lastKnownFileType = text.plist.xml; path = Info.plist; sourceTree = "<group>"; };
		A9757EC424CC47EC00847031 /* T2ilesUITests.xctest */ = {isa = PBXFileReference; explicitFileType = wrapper.cfbundle; includeInIndex = 0; path = T2ilesUITests.xctest; sourceTree = BUILT_PRODUCTS_DIR; };
		A9757EC824CC47EC00847031 /* AppLaunchUITests.swift */ = {isa = PBXFileReference; lastKnownFileType = sourcecode.swift; path = AppLaunchUITests.swift; sourceTree = "<group>"; };
		A9757ECA24CC47EC00847031 /* Info.plist */ = {isa = PBXFileReference; lastKnownFileType = text.plist.xml; path = Info.plist; sourceTree = "<group>"; };
		A9757ED724CC481E00847031 /* Assets.xcassets */ = {isa = PBXFileReference; lastKnownFileType = folder.assetcatalog; path = Assets.xcassets; sourceTree = "<group>"; };
		A9757ED924CC481E00847031 /* Merge.mp3 */ = {isa = PBXFileReference; lastKnownFileType = audio.mp3; path = Merge.mp3; sourceTree = "<group>"; };
		A9757EDA24CC481E00847031 /* License.txt */ = {isa = PBXFileReference; fileEncoding = 4; lastKnownFileType = text; path = License.txt; sourceTree = "<group>"; };
		A9757EDB24CC481E00847031 /* Add.mp3 */ = {isa = PBXFileReference; lastKnownFileType = audio.mp3; path = Add.mp3; sourceTree = "<group>"; };
		A9757EDC24CC481E00847031 /* Strings.plist */ = {isa = PBXFileReference; fileEncoding = 4; lastKnownFileType = text.plist.xml; path = Strings.plist; sourceTree = "<group>"; };
		A9757EDF24CC481E00847031 /* ColorSchemeBackgroundThemeEnvironmentKey.swift */ = {isa = PBXFileReference; fileEncoding = 4; lastKnownFileType = sourcecode.swift; path = ColorSchemeBackgroundThemeEnvironmentKey.swift; sourceTree = "<group>"; };
		A9757EE024CC481E00847031 /* TileColorThemeEnvironmentKey.swift */ = {isa = PBXFileReference; fileEncoding = 4; lastKnownFileType = sourcecode.swift; path = TileColorThemeEnvironmentKey.swift; sourceTree = "<group>"; };
		A9757EE124CC481E00847031 /* TileBoardSizeEnvironmentKey.swift */ = {isa = PBXFileReference; fileEncoding = 4; lastKnownFileType = sourcecode.swift; path = TileBoardSizeEnvironmentKey.swift; sourceTree = "<group>"; };
		A9757EE224CC481E00847031 /* GameBoardSizeEnvironmentKey.swift */ = {isa = PBXFileReference; fileEncoding = 4; lastKnownFileType = sourcecode.swift; path = GameBoardSizeEnvironmentKey.swift; sourceTree = "<group>"; };
		A9757EE524CC481E00847031 /* PlistConfiguration.swift */ = {isa = PBXFileReference; fileEncoding = 4; lastKnownFileType = sourcecode.swift; path = PlistConfiguration.swift; sourceTree = "<group>"; };
		A9757EE624CC481E00847031 /* PlistConfigurationKeyPath.swift */ = {isa = PBXFileReference; fileEncoding = 4; lastKnownFileType = sourcecode.swift; path = PlistConfigurationKeyPath.swift; sourceTree = "<group>"; };
		A9757EE724CC481E00847031 /* AppStorageKeys.swift */ = {isa = PBXFileReference; fileEncoding = 4; lastKnownFileType = sourcecode.swift; path = AppStorageKeys.swift; sourceTree = "<group>"; };
		A9757EE924CC481E00847031 /* SelectedView.swift */ = {isa = PBXFileReference; fileEncoding = 4; lastKnownFileType = sourcecode.swift; path = SelectedView.swift; sourceTree = "<group>"; };
		A9757EEB24CC481E00847031 /* GameLogic.swift */ = {isa = PBXFileReference; fileEncoding = 4; lastKnownFileType = sourcecode.swift; path = GameLogic.swift; sourceTree = "<group>"; };
		A9757EEC24CC481E00847031 /* BoardSize.swift */ = {isa = PBXFileReference; fileEncoding = 4; lastKnownFileType = sourcecode.swift; path = BoardSize.swift; sourceTree = "<group>"; };
		A9757EED24CC481E00847031 /* GameBoardSizeState.swift */ = {isa = PBXFileReference; fileEncoding = 4; lastKnownFileType = sourcecode.swift; path = GameBoardSizeState.swift; sourceTree = "<group>"; };
		A9757EEF24CC481E00847031 /* TileMatrix.swift */ = {isa = PBXFileReference; fileEncoding = 4; lastKnownFileType = sourcecode.swift; path = TileMatrix.swift; sourceTree = "<group>"; };
		A9757EF124CC481E00847031 /* ColorSchemeBackgroundTheme.swift */ = {isa = PBXFileReference; fileEncoding = 4; lastKnownFileType = sourcecode.swift; path = ColorSchemeBackgroundTheme.swift; sourceTree = "<group>"; };
		A9757EF224CC481E00847031 /* TileColorTheme.swift */ = {isa = PBXFileReference; fileEncoding = 4; lastKnownFileType = sourcecode.swift; path = TileColorTheme.swift; sourceTree = "<group>"; };
		A9757EF324CC481E00847031 /* StandardTileColorTheme.swift */ = {isa = PBXFileReference; fileEncoding = 4; lastKnownFileType = sourcecode.swift; path = StandardTileColorTheme.swift; sourceTree = "<group>"; };
		A9757EF424CC481E00847031 /* Tile.swift */ = {isa = PBXFileReference; fileEncoding = 4; lastKnownFileType = sourcecode.swift; path = Tile.swift; sourceTree = "<group>"; };
		A9757EF524CC481E00847031 /* Direction.swift */ = {isa = PBXFileReference; fileEncoding = 4; lastKnownFileType = sourcecode.swift; path = Direction.swift; sourceTree = "<group>"; };
		A9757EF724CC481E00847031 /* Edge+InvertedDirection.swift */ = {isa = PBXFileReference; fileEncoding = 4; lastKnownFileType = sourcecode.swift; path = "Edge+InvertedDirection.swift"; sourceTree = "<group>"; };
		A9757EF824CC481E00847031 /* AnyTransition+TileGenerator.swift */ = {isa = PBXFileReference; fileEncoding = 4; lastKnownFileType = sourcecode.swift; path = "AnyTransition+TileGenerator.swift"; sourceTree = "<group>"; };
		A9757EF924CC481E00847031 /* Animation+ModalSpring.swift */ = {isa = PBXFileReference; fileEncoding = 4; lastKnownFileType = sourcecode.swift; path = "Animation+ModalSpring.swift"; sourceTree = "<group>"; };
		A9757EFB24CC481E00847031 /* View+Center.swift */ = {isa = PBXFileReference; fileEncoding = 4; lastKnownFileType = sourcecode.swift; path = "View+Center.swift"; sourceTree = "<group>"; };
		A9757EFC24CC481E00847031 /* View+EraseToAnyView.swift */ = {isa = PBXFileReference; fileEncoding = 4; lastKnownFileType = sourcecode.swift; path = "View+EraseToAnyView.swift"; sourceTree = "<group>"; };
		A9757EFD24CC481E00847031 /* Notification.Name+Keys.swift */ = {isa = PBXFileReference; fileEncoding = 4; lastKnownFileType = sourcecode.swift; path = "Notification.Name+Keys.swift"; sourceTree = "<group>"; };
		A9757EFF24CC481E00847031 /* FilledBackgroundStyle.swift */ = {isa = PBXFileReference; fileEncoding = 4; lastKnownFileType = sourcecode.swift; path = FilledBackgroundStyle.swift; sourceTree = "<group>"; };
		A9757F0024CC481E00847031 /* CheckboxToggleStyle.swift */ = {isa = PBXFileReference; fileEncoding = 4; lastKnownFileType = sourcecode.swift; path = CheckboxToggleStyle.swift; sourceTree = "<group>"; };
		A9757F0224CC481E00847031 /* Audio.swift */ = {isa = PBXFileReference; fileEncoding = 4; lastKnownFileType = sourcecode.swift; path = Audio.swift; sourceTree = "<group>"; };
		A9757F0324CC481E00847031 /* AudioSource.swift */ = {isa = PBXFileReference; fileEncoding = 4; lastKnownFileType = sourcecode.swift; path = AudioSource.swift; sourceTree = "<group>"; };
		A9757F0624CC481E00847031 /* SettingsView.swift */ = {isa = PBXFileReference; fileEncoding = 4; lastKnownFileType = sourcecode.swift; path = SettingsView.swift; sourceTree = "<group>"; };
		A9757F0724CC481E00847031 /* TileBoardSettingView.swift */ = {isa = PBXFileReference; fileEncoding = 4; lastKnownFileType = sourcecode.swift; path = TileBoardSettingView.swift; sourceTree = "<group>"; };
		A9757F0824CC481E00847031 /* AudioSettingView.swift */ = {isa = PBXFileReference; fileEncoding = 4; lastKnownFileType = sourcecode.swift; path = AudioSettingView.swift; sourceTree = "<group>"; };
		A9757F0A24CC481E00847031 /* SideMenuView.swift */ = {isa = PBXFileReference; fileEncoding = 4; lastKnownFileType = sourcecode.swift; path = SideMenuView.swift; sourceTree = "<group>"; };
		A9757F0B24CC481E00847031 /* CompositeSideView.swift */ = {isa = PBXFileReference; fileEncoding = 4; lastKnownFileType = sourcecode.swift; path = CompositeSideView.swift; sourceTree = "<group>"; };
		A9757F0D24CC481E00847031 /* AboutView.swift */ = {isa = PBXFileReference; fileEncoding = 4; lastKnownFileType = sourcecode.swift; path = AboutView.swift; sourceTree = "<group>"; };
		A9757F0F24CC481E00847031 /* TileView.swift */ = {isa = PBXFileReference; fileEncoding = 4; lastKnownFileType = sourcecode.swift; path = TileView.swift; sourceTree = "<group>"; };
		A9757F1024CC481E00847031 /* TileBoardView.swift */ = {isa = PBXFileReference; fileEncoding = 4; lastKnownFileType = sourcecode.swift; path = TileBoardView.swift; sourceTree = "<group>"; };
		A9757F1124CC481E00847031 /* GameStateBottomView.swift */ = {isa = PBXFileReference; fileEncoding = 4; lastKnownFileType = sourcecode.swift; path = GameStateBottomView.swift; sourceTree = "<group>"; };
		A9757F1324CC481E00847031 /* ModalView.swift */ = {isa = PBXFileReference; fileEncoding = 4; lastKnownFileType = sourcecode.swift; path = ModalView.swift; sourceTree = "<group>"; };
		A9757F1424CC481E00847031 /* HeaderView.swift */ = {isa = PBXFileReference; fileEncoding = 4; lastKnownFileType = sourcecode.swift; path = HeaderView.swift; sourceTree = "<group>"; };
		A9757F1524CC481E00847031 /* CompositeView.swift */ = {isa = PBXFileReference; fileEncoding = 4; lastKnownFileType = sourcecode.swift; path = CompositeView.swift; sourceTree = "<group>"; };
		A9757F1624CC481E00847031 /* FactoryContentView.swift */ = {isa = PBXFileReference; fileEncoding = 4; lastKnownFileType = sourcecode.swift; path = FactoryContentView.swift; sourceTree = "<group>"; };
		A9757F1824CC481E00847031 /* Merged.swift */ = {isa = PBXFileReference; fileEncoding = 4; lastKnownFileType = sourcecode.swift; path = Merged.swift; sourceTree = "<group>"; };
		A9757F1924CC481E00847031 /* AnchoredScale.swift */ = {isa = PBXFileReference; fileEncoding = 4; lastKnownFileType = sourcecode.swift; path = AnchoredScale.swift; sourceTree = "<group>"; };
		A9757F1A24CC481E00847031 /* SlideViewModifier.swift */ = {isa = PBXFileReference; fileEncoding = 4; lastKnownFileType = sourcecode.swift; path = SlideViewModifier.swift; sourceTree = "<group>"; };
		A9757F1B24CC481E00847031 /* MainViewModifier.swift */ = {isa = PBXFileReference; fileEncoding = 4; lastKnownFileType = sourcecode.swift; path = MainViewModifier.swift; sourceTree = "<group>"; };
		A9757F1C24CC481E00847031 /* BottomSlidableModalModifier.swift */ = {isa = PBXFileReference; fileEncoding = 4; lastKnownFileType = sourcecode.swift; path = BottomSlidableModalModifier.swift; sourceTree = "<group>"; };
		A9757F1D24CC481E00847031 /* BlurEffect.swift */ = {isa = PBXFileReference; fileEncoding = 4; lastKnownFileType = sourcecode.swift; path = BlurEffect.swift; sourceTree = "<group>"; };
		A9757F1E24CC481E00847031 /* RoundedClippedBackground.swift */ = {isa = PBXFileReference; fileEncoding = 4; lastKnownFileType = sourcecode.swift; path = RoundedClippedBackground.swift; sourceTree = "<group>"; };
		A9757F5324CC497400847031 /* .gitignore */ = {isa = PBXFileReference; fileEncoding = 4; lastKnownFileType = text; path = .gitignore; sourceTree = "<group>"; };
		A9757F5524CC4C9F00847031 /* GameBoardSizeStateTests.swift */ = {isa = PBXFileReference; lastKnownFileType = sourcecode.swift; path = GameBoardSizeStateTests.swift; sourceTree = "<group>"; };
		A9757F5724CC571800847031 /* logo.png */ = {isa = PBXFileReference; lastKnownFileType = image.png; path = logo.png; sourceTree = "<group>"; };
		A9757F5924CC571800847031 /* 01.gif */ = {isa = PBXFileReference; lastKnownFileType = image.gif; path = 01.gif; sourceTree = "<group>"; };
		A9757F5A24CC571800847031 /* 03.gif */ = {isa = PBXFileReference; lastKnownFileType = image.gif; path = 03.gif; sourceTree = "<group>"; };
		A9757F5B24CC571800847031 /* 02.gif */ = {isa = PBXFileReference; lastKnownFileType = image.gif; path = 02.gif; sourceTree = "<group>"; };
		A9757F5C24CC571800847031 /* 04.gif */ = {isa = PBXFileReference; lastKnownFileType = image.gif; path = 04.gif; sourceTree = "<group>"; };
		A9E400CF25A4730F00FE1F92 /* T2iles.entitlements */ = {isa = PBXFileReference; lastKnownFileType = text.plist.entitlements; path = T2iles.entitlements; sourceTree = "<group>"; };
/* End PBXFileReference section */

/* Begin PBXFrameworksBuildPhase section */
		A9757EA524CC47EC00847031 /* Frameworks */ = {
			isa = PBXFrameworksBuildPhase;
			buildActionMask = 2147483647;
			files = (
			);
			runOnlyForDeploymentPostprocessing = 0;
		};
		A9757EB624CC47EC00847031 /* Frameworks */ = {
			isa = PBXFrameworksBuildPhase;
			buildActionMask = 2147483647;
			files = (
			);
			runOnlyForDeploymentPostprocessing = 0;
		};
		A9757EC124CC47EC00847031 /* Frameworks */ = {
			isa = PBXFrameworksBuildPhase;
			buildActionMask = 2147483647;
			files = (
			);
			runOnlyForDeploymentPostprocessing = 0;
		};
/* End PBXFrameworksBuildPhase section */

/* Begin PBXGroup section */
		A9757E9F24CC47EB00847031 = {
			isa = PBXGroup;
			children = (
				A9757F5324CC497400847031 /* .gitignore */,
				A9757F5724CC571800847031 /* logo.png */,
				A9757F5824CC571800847031 /* Resources */,
				A9757EAA24CC47EC00847031 /* T2iles */,
				A9757EBC24CC47EC00847031 /* T2ilesTests */,
				A9757EC724CC47EC00847031 /* T2ilesUITests */,
				A9757EA924CC47EC00847031 /* Products */,
			);
			sourceTree = "<group>";
		};
		A9757EA924CC47EC00847031 /* Products */ = {
			isa = PBXGroup;
			children = (
				A9757EA824CC47EC00847031 /* T2iles.app */,
				A9757EB924CC47EC00847031 /* T2ilesTests.xctest */,
				A9757EC424CC47EC00847031 /* T2ilesUITests.xctest */,
			);
			name = Products;
			sourceTree = "<group>";
		};
		A9757EAA24CC47EC00847031 /* T2iles */ = {
			isa = PBXGroup;
			children = (
				A9E400CF25A4730F00FE1F92 /* T2iles.entitlements */,
				A9757EB424CC47EC00847031 /* Info.plist */,
				A9757ED624CC481E00847031 /* Assets */,
				A9757EB124CC47EC00847031 /* Preview Content */,
				A9757EDD24CC481E00847031 /* Sources */,
			);
			path = T2iles;
			sourceTree = "<group>";
		};
		A9757EB124CC47EC00847031 /* Preview Content */ = {
			isa = PBXGroup;
			children = (
				A9757EB224CC47EC00847031 /* Preview Assets.xcassets */,
			);
			path = "Preview Content";
			sourceTree = "<group>";
		};
		A9757EBC24CC47EC00847031 /* T2ilesTests */ = {
			isa = PBXGroup;
			children = (
				A9757EBF24CC47EC00847031 /* Info.plist */,
				A9757EBD24CC47EC00847031 /* DirectionTests.swift */,
				A9757F5524CC4C9F00847031 /* GameBoardSizeStateTests.swift */,
			);
			path = T2ilesTests;
			sourceTree = "<group>";
		};
		A9757EC724CC47EC00847031 /* T2ilesUITests */ = {
			isa = PBXGroup;
			children = (
				A9757ECA24CC47EC00847031 /* Info.plist */,
				A9757EC824CC47EC00847031 /* AppLaunchUITests.swift */,
			);
			path = T2ilesUITests;
			sourceTree = "<group>";
		};
		A9757ED624CC481E00847031 /* Assets */ = {
			isa = PBXGroup;
			children = (
				A9757EDC24CC481E00847031 /* Strings.plist */,
				A9757ED724CC481E00847031 /* Assets.xcassets */,
				A9757ED824CC481E00847031 /* Audio */,
			);
			path = Assets;
			sourceTree = "<group>";
		};
		A9757ED824CC481E00847031 /* Audio */ = {
			isa = PBXGroup;
			children = (
				A9757ED924CC481E00847031 /* Merge.mp3 */,
				A9757EDA24CC481E00847031 /* License.txt */,
				A9757EDB24CC481E00847031 /* Add.mp3 */,
			);
			path = Audio;
			sourceTree = "<group>";
		};
		A9757EDD24CC481E00847031 /* Sources */ = {
			isa = PBXGroup;
			children = (
				A9757EAB24CC47EC00847031 /* T2ilesApp.swift */,
				A9757F0124CC481E00847031 /* Audio */,
				A9757EDE24CC481E00847031 /* Enviroment Keys */,
				A9757EF624CC481E00847031 /* Extensions */,
				A9757EE824CC481E00847031 /* Models */,
				A9757EFE24CC481E00847031 /* Styles */,
				A9757EE324CC481E00847031 /* Utils */,
				A9757F1724CC481E00847031 /* View Modifiers */,
				A9757F0424CC481E00847031 /* Views */,
			);
			path = Sources;
			sourceTree = "<group>";
		};
		A9757EDE24CC481E00847031 /* Enviroment Keys */ = {
			isa = PBXGroup;
			children = (
				A9757EDF24CC481E00847031 /* ColorSchemeBackgroundThemeEnvironmentKey.swift */,
				A9757EE024CC481E00847031 /* TileColorThemeEnvironmentKey.swift */,
				A9757EE124CC481E00847031 /* TileBoardSizeEnvironmentKey.swift */,
				A9757EE224CC481E00847031 /* GameBoardSizeEnvironmentKey.swift */,
			);
			path = "Enviroment Keys";
			sourceTree = "<group>";
		};
		A9757EE324CC481E00847031 /* Utils */ = {
			isa = PBXGroup;
			children = (
				A9757EE424CC481E00847031 /* Plist */,
				A9757EE724CC481E00847031 /* AppStorageKeys.swift */,
			);
			path = Utils;
			sourceTree = "<group>";
		};
		A9757EE424CC481E00847031 /* Plist */ = {
			isa = PBXGroup;
			children = (
				A9757EE524CC481E00847031 /* PlistConfiguration.swift */,
				A9757EE624CC481E00847031 /* PlistConfigurationKeyPath.swift */,
			);
			path = Plist;
			sourceTree = "<group>";
		};
		A9757EE824CC481E00847031 /* Models */ = {
			isa = PBXGroup;
			children = (
				A9757EF524CC481E00847031 /* Direction.swift */,
				A9757EE924CC481E00847031 /* SelectedView.swift */,
				A9757EEA24CC481E00847031 /* Board */,
				A9757EEE24CC481E00847031 /* Tiles */,
			);
			path = Models;
			sourceTree = "<group>";
		};
		A9757EEA24CC481E00847031 /* Board */ = {
			isa = PBXGroup;
			children = (
				A9757EEB24CC481E00847031 /* GameLogic.swift */,
				A9757EEC24CC481E00847031 /* BoardSize.swift */,
				A9757EED24CC481E00847031 /* GameBoardSizeState.swift */,
			);
			path = Board;
			sourceTree = "<group>";
		};
		A9757EEE24CC481E00847031 /* Tiles */ = {
			isa = PBXGroup;
			children = (
				A9757EF424CC481E00847031 /* Tile.swift */,
				A9757EEF24CC481E00847031 /* TileMatrix.swift */,
				A9757EF024CC481E00847031 /* Theme */,
			);
			path = Tiles;
			sourceTree = "<group>";
		};
		A9757EF024CC481E00847031 /* Theme */ = {
			isa = PBXGroup;
			children = (
				A9757EF124CC481E00847031 /* ColorSchemeBackgroundTheme.swift */,
				A9757EF224CC481E00847031 /* TileColorTheme.swift */,
				A9757EF324CC481E00847031 /* StandardTileColorTheme.swift */,
			);
			path = Theme;
			sourceTree = "<group>";
		};
		A9757EF624CC481E00847031 /* Extensions */ = {
			isa = PBXGroup;
			children = (
				A9757EF724CC481E00847031 /* Edge+InvertedDirection.swift */,
				A9757EF824CC481E00847031 /* AnyTransition+TileGenerator.swift */,
				A9757EF924CC481E00847031 /* Animation+ModalSpring.swift */,
				A9757EFA24CC481E00847031 /* View */,
				A9757EFD24CC481E00847031 /* Notification.Name+Keys.swift */,
			);
			path = Extensions;
			sourceTree = "<group>";
		};
		A9757EFA24CC481E00847031 /* View */ = {
			isa = PBXGroup;
			children = (
				A9757EFB24CC481E00847031 /* View+Center.swift */,
				A9757EFC24CC481E00847031 /* View+EraseToAnyView.swift */,
			);
			path = View;
			sourceTree = "<group>";
		};
		A9757EFE24CC481E00847031 /* Styles */ = {
			isa = PBXGroup;
			children = (
				A9757EFF24CC481E00847031 /* FilledBackgroundStyle.swift */,
				A9757F0024CC481E00847031 /* CheckboxToggleStyle.swift */,
			);
			path = Styles;
			sourceTree = "<group>";
		};
		A9757F0124CC481E00847031 /* Audio */ = {
			isa = PBXGroup;
			children = (
				A9757F0224CC481E00847031 /* Audio.swift */,
				A9757F0324CC481E00847031 /* AudioSource.swift */,
			);
			path = Audio;
			sourceTree = "<group>";
		};
		A9757F0424CC481E00847031 /* Views */ = {
			isa = PBXGroup;
			children = (
				A9757F0524CC481E00847031 /* Settings */,
				A9757F0924CC481E00847031 /* Side */,
				A9757F0C24CC481E00847031 /* About */,
				A9757F0E24CC481E00847031 /* Game */,
				A9757F1224CC481E00847031 /* Main */,
			);
			path = Views;
			sourceTree = "<group>";
		};
		A9757F0524CC481E00847031 /* Settings */ = {
			isa = PBXGroup;
			children = (
				A9757F0624CC481E00847031 /* SettingsView.swift */,
				A9757F0724CC481E00847031 /* TileBoardSettingView.swift */,
				A9757F0824CC481E00847031 /* AudioSettingView.swift */,
			);
			path = Settings;
			sourceTree = "<group>";
		};
		A9757F0924CC481E00847031 /* Side */ = {
			isa = PBXGroup;
			children = (
				A9757F0A24CC481E00847031 /* SideMenuView.swift */,
				A9757F0B24CC481E00847031 /* CompositeSideView.swift */,
			);
			path = Side;
			sourceTree = "<group>";
		};
		A9757F0C24CC481E00847031 /* About */ = {
			isa = PBXGroup;
			children = (
				A9757F0D24CC481E00847031 /* AboutView.swift */,
			);
			path = About;
			sourceTree = "<group>";
		};
		A9757F0E24CC481E00847031 /* Game */ = {
			isa = PBXGroup;
			children = (
				A9757F0F24CC481E00847031 /* TileView.swift */,
				A9757F1024CC481E00847031 /* TileBoardView.swift */,
				A9757F1124CC481E00847031 /* GameStateBottomView.swift */,
			);
			path = Game;
			sourceTree = "<group>";
		};
		A9757F1224CC481E00847031 /* Main */ = {
			isa = PBXGroup;
			children = (
				A9757F1324CC481E00847031 /* ModalView.swift */,
				A9757F1424CC481E00847031 /* HeaderView.swift */,
				A9757F1524CC481E00847031 /* CompositeView.swift */,
				A9757F1624CC481E00847031 /* FactoryContentView.swift */,
			);
			path = Main;
			sourceTree = "<group>";
		};
		A9757F1724CC481E00847031 /* View Modifiers */ = {
			isa = PBXGroup;
			children = (
				A9757F1824CC481E00847031 /* Merged.swift */,
				A9757F1924CC481E00847031 /* AnchoredScale.swift */,
				A9757F1A24CC481E00847031 /* SlideViewModifier.swift */,
				A9757F1B24CC481E00847031 /* MainViewModifier.swift */,
				A9757F1C24CC481E00847031 /* BottomSlidableModalModifier.swift */,
				A9757F1D24CC481E00847031 /* BlurEffect.swift */,
				A9757F1E24CC481E00847031 /* RoundedClippedBackground.swift */,
			);
			path = "View Modifiers";
			sourceTree = "<group>";
		};
		A9757F5824CC571800847031 /* Resources */ = {
			isa = PBXGroup;
			children = (
				A9757F5924CC571800847031 /* 01.gif */,
				A9757F5A24CC571800847031 /* 03.gif */,
				A9757F5B24CC571800847031 /* 02.gif */,
				A9757F5C24CC571800847031 /* 04.gif */,
			);
			path = Resources;
			sourceTree = "<group>";
		};
/* End PBXGroup section */

/* Begin PBXNativeTarget section */
		A9757EA724CC47EC00847031 /* T2iles */ = {
			isa = PBXNativeTarget;
			buildConfigurationList = A9757ECD24CC47EC00847031 /* Build configuration list for PBXNativeTarget "T2iles" */;
			buildPhases = (
				A9757EA424CC47EC00847031 /* Sources */,
				A9757EA524CC47EC00847031 /* Frameworks */,
				A9757EA624CC47EC00847031 /* Resources */,
			);
			buildRules = (
			);
			dependencies = (
			);
			name = T2iles;
			productName = T2iles;
			productReference = A9757EA824CC47EC00847031 /* T2iles.app */;
			productType = "com.apple.product-type.application";
		};
		A9757EB824CC47EC00847031 /* T2ilesTests */ = {
			isa = PBXNativeTarget;
			buildConfigurationList = A9757ED024CC47EC00847031 /* Build configuration list for PBXNativeTarget "T2ilesTests" */;
			buildPhases = (
				A9757EB524CC47EC00847031 /* Sources */,
				A9757EB624CC47EC00847031 /* Frameworks */,
				A9757EB724CC47EC00847031 /* Resources */,
			);
			buildRules = (
			);
			dependencies = (
				A9757EBB24CC47EC00847031 /* PBXTargetDependency */,
			);
			name = T2ilesTests;
			productName = T2ilesTests;
			productReference = A9757EB924CC47EC00847031 /* T2ilesTests.xctest */;
			productType = "com.apple.product-type.bundle.unit-test";
		};
		A9757EC324CC47EC00847031 /* T2ilesUITests */ = {
			isa = PBXNativeTarget;
			buildConfigurationList = A9757ED324CC47EC00847031 /* Build configuration list for PBXNativeTarget "T2ilesUITests" */;
			buildPhases = (
				A9757EC024CC47EC00847031 /* Sources */,
				A9757EC124CC47EC00847031 /* Frameworks */,
				A9757EC224CC47EC00847031 /* Resources */,
			);
			buildRules = (
			);
			dependencies = (
				A9757EC624CC47EC00847031 /* PBXTargetDependency */,
			);
			name = T2ilesUITests;
			productName = T2ilesUITests;
			productReference = A9757EC424CC47EC00847031 /* T2ilesUITests.xctest */;
			productType = "com.apple.product-type.bundle.ui-testing";
		};
/* End PBXNativeTarget section */

/* Begin PBXProject section */
		A9757EA024CC47EB00847031 /* Project object */ = {
			isa = PBXProject;
			attributes = {
				LastSwiftUpdateCheck = 1200;
				LastUpgradeCheck = 1200;
				TargetAttributes = {
					A9757EA724CC47EC00847031 = {
						CreatedOnToolsVersion = 12.0;
					};
					A9757EB824CC47EC00847031 = {
						CreatedOnToolsVersion = 12.0;
						TestTargetID = A9757EA724CC47EC00847031;
					};
					A9757EC324CC47EC00847031 = {
						CreatedOnToolsVersion = 12.0;
						TestTargetID = A9757EA724CC47EC00847031;
					};
				};
			};
			buildConfigurationList = A9757EA324CC47EB00847031 /* Build configuration list for PBXProject "T2iles" */;
			compatibilityVersion = "Xcode 9.3";
			developmentRegion = en;
			hasScannedForEncodings = 0;
			knownRegions = (
				en,
				Base,
			);
			mainGroup = A9757E9F24CC47EB00847031;
			productRefGroup = A9757EA924CC47EC00847031 /* Products */;
			projectDirPath = "";
			projectRoot = "";
			targets = (
				A9757EA724CC47EC00847031 /* T2iles */,
				A9757EB824CC47EC00847031 /* T2ilesTests */,
				A9757EC324CC47EC00847031 /* T2ilesUITests */,
			);
		};
/* End PBXProject section */

/* Begin PBXResourcesBuildPhase section */
		A9757EA624CC47EC00847031 /* Resources */ = {
			isa = PBXResourcesBuildPhase;
			buildActionMask = 2147483647;
			files = (
				A9757F2224CC481E00847031 /* Add.mp3 in Resources */,
				A9757F5424CC497400847031 /* .gitignore in Resources */,
				A9757F6124CC571800847031 /* 04.gif in Resources */,
				A9757F5E24CC571800847031 /* 01.gif in Resources */,
				A9757EB324CC47EC00847031 /* Preview Assets.xcassets in Resources */,
				A9757F2124CC481E00847031 /* License.txt in Resources */,
				A9757F5F24CC571800847031 /* 03.gif in Resources */,
				A9757F5D24CC571800847031 /* logo.png in Resources */,
				A9757F1F24CC481E00847031 /* Assets.xcassets in Resources */,
				A9757F2024CC481E00847031 /* Merge.mp3 in Resources */,
				A9757F6024CC571800847031 /* 02.gif in Resources */,
				A9757F2324CC481E00847031 /* Strings.plist in Resources */,
			);
			runOnlyForDeploymentPostprocessing = 0;
		};
		A9757EB724CC47EC00847031 /* Resources */ = {
			isa = PBXResourcesBuildPhase;
			buildActionMask = 2147483647;
			files = (
			);
			runOnlyForDeploymentPostprocessing = 0;
		};
		A9757EC224CC47EC00847031 /* Resources */ = {
			isa = PBXResourcesBuildPhase;
			buildActionMask = 2147483647;
			files = (
			);
			runOnlyForDeploymentPostprocessing = 0;
		};
/* End PBXResourcesBuildPhase section */

/* Begin PBXSourcesBuildPhase section */
		A9757EA424CC47EC00847031 /* Sources */ = {
			isa = PBXSourcesBuildPhase;
			buildActionMask = 2147483647;
			files = (
				A9757F3924CC481E00847031 /* View+EraseToAnyView.swift in Sources */,
				A9757F2824CC481E00847031 /* PlistConfiguration.swift in Sources */,
				A9757F4C24CC481E00847031 /* Merged.swift in Sources */,
				A9757F3A24CC481E00847031 /* Notification.Name+Keys.swift in Sources */,
				A9757F2C24CC481E00847031 /* GameLogic.swift in Sources */,
				A9757F3024CC481E00847031 /* ColorSchemeBackgroundTheme.swift in Sources */,
				A9757F2A24CC481E00847031 /* AppStorageKeys.swift in Sources */,
				A9757F3624CC481E00847031 /* AnyTransition+TileGenerator.swift in Sources */,
				A9757F2624CC481E00847031 /* TileBoardSizeEnvironmentKey.swift in Sources */,
				A9757F3B24CC481E00847031 /* FilledBackgroundStyle.swift in Sources */,
				A9757F4624CC481E00847031 /* TileBoardView.swift in Sources */,
				A9757F2424CC481E00847031 /* ColorSchemeBackgroundThemeEnvironmentKey.swift in Sources */,
				A9757F4E24CC481E00847031 /* SlideViewModifier.swift in Sources */,
				A9757F2924CC481E00847031 /* PlistConfigurationKeyPath.swift in Sources */,
				A9757F2E24CC481E00847031 /* GameBoardSizeState.swift in Sources */,
				A9757F4F24CC481E00847031 /* MainViewModifier.swift in Sources */,
				A9757F2724CC481E00847031 /* GameBoardSizeEnvironmentKey.swift in Sources */,
				A9757F4924CC481E00847031 /* HeaderView.swift in Sources */,
				A9757F2B24CC481E00847031 /* SelectedView.swift in Sources */,
				A9757F4224CC481E00847031 /* SideMenuView.swift in Sources */,
				A9757F3F24CC481E00847031 /* SettingsView.swift in Sources */,
				A9757F2D24CC481E00847031 /* BoardSize.swift in Sources */,
				A9757F4724CC481E00847031 /* GameStateBottomView.swift in Sources */,
				A9757F4B24CC481E00847031 /* FactoryContentView.swift in Sources */,
				A9757F3224CC481E00847031 /* StandardTileColorTheme.swift in Sources */,
				A9757F5024CC481E00847031 /* BottomSlidableModalModifier.swift in Sources */,
				A9757F4824CC481E00847031 /* ModalView.swift in Sources */,
				A9757F4A24CC481E00847031 /* CompositeView.swift in Sources */,
				A9757F3E24CC481E00847031 /* AudioSource.swift in Sources */,
				A9757F3524CC481E00847031 /* Edge+InvertedDirection.swift in Sources */,
				A9757F3724CC481E00847031 /* Animation+ModalSpring.swift in Sources */,
				A9757F4524CC481E00847031 /* TileView.swift in Sources */,
				A9757F3424CC481E00847031 /* Direction.swift in Sources */,
				A9757F4324CC481E00847031 /* CompositeSideView.swift in Sources */,
				A9757F3D24CC481E00847031 /* Audio.swift in Sources */,
				A9757EAC24CC47EC00847031 /* T2ilesApp.swift in Sources */,
				A9757F2F24CC481E00847031 /* TileMatrix.swift in Sources */,
				A9757F3824CC481E00847031 /* View+Center.swift in Sources */,
				A9757F3324CC481E00847031 /* Tile.swift in Sources */,
				A9757F4424CC481E00847031 /* AboutView.swift in Sources */,
				A9757F2524CC481E00847031 /* TileColorThemeEnvironmentKey.swift in Sources */,
				A9757F4124CC481E00847031 /* AudioSettingView.swift in Sources */,
				A9757F4024CC481E00847031 /* TileBoardSettingView.swift in Sources */,
				A9757F3C24CC481E00847031 /* CheckboxToggleStyle.swift in Sources */,
				A9757F5124CC481E00847031 /* BlurEffect.swift in Sources */,
				A9757F5224CC481E00847031 /* RoundedClippedBackground.swift in Sources */,
				A9757F4D24CC481E00847031 /* AnchoredScale.swift in Sources */,
				A9757F3124CC481E00847031 /* TileColorTheme.swift in Sources */,
			);
			runOnlyForDeploymentPostprocessing = 0;
		};
		A9757EB524CC47EC00847031 /* Sources */ = {
			isa = PBXSourcesBuildPhase;
			buildActionMask = 2147483647;
			files = (
				A9757EBE24CC47EC00847031 /* DirectionTests.swift in Sources */,
				A9757F5624CC4C9F00847031 /* GameBoardSizeStateTests.swift in Sources */,
			);
			runOnlyForDeploymentPostprocessing = 0;
		};
		A9757EC024CC47EC00847031 /* Sources */ = {
			isa = PBXSourcesBuildPhase;
			buildActionMask = 2147483647;
			files = (
				A9757EC924CC47EC00847031 /* AppLaunchUITests.swift in Sources */,
			);
			runOnlyForDeploymentPostprocessing = 0;
		};
/* End PBXSourcesBuildPhase section */

/* Begin PBXTargetDependency section */
		A9757EBB24CC47EC00847031 /* PBXTargetDependency */ = {
			isa = PBXTargetDependency;
			target = A9757EA724CC47EC00847031 /* T2iles */;
			targetProxy = A9757EBA24CC47EC00847031 /* PBXContainerItemProxy */;
		};
		A9757EC624CC47EC00847031 /* PBXTargetDependency */ = {
			isa = PBXTargetDependency;
			target = A9757EA724CC47EC00847031 /* T2iles */;
			targetProxy = A9757EC524CC47EC00847031 /* PBXContainerItemProxy */;
		};
/* End PBXTargetDependency section */

/* Begin XCBuildConfiguration section */
		A9757ECB24CC47EC00847031 /* Debug */ = {
			isa = XCBuildConfiguration;
			buildSettings = {
				ALWAYS_SEARCH_USER_PATHS = NO;
				CLANG_ANALYZER_NONNULL = YES;
				CLANG_ANALYZER_NUMBER_OBJECT_CONVERSION = YES_AGGRESSIVE;
				CLANG_CXX_LANGUAGE_STANDARD = "gnu++14";
				CLANG_CXX_LIBRARY = "libc++";
				CLANG_ENABLE_MODULES = YES;
				CLANG_ENABLE_OBJC_ARC = YES;
				CLANG_ENABLE_OBJC_WEAK = YES;
				CLANG_WARN_BLOCK_CAPTURE_AUTORELEASING = YES;
				CLANG_WARN_BOOL_CONVERSION = YES;
				CLANG_WARN_COMMA = YES;
				CLANG_WARN_CONSTANT_CONVERSION = YES;
				CLANG_WARN_DEPRECATED_OBJC_IMPLEMENTATIONS = YES;
				CLANG_WARN_DIRECT_OBJC_ISA_USAGE = YES_ERROR;
				CLANG_WARN_DOCUMENTATION_COMMENTS = YES;
				CLANG_WARN_EMPTY_BODY = YES;
				CLANG_WARN_ENUM_CONVERSION = YES;
				CLANG_WARN_INFINITE_RECURSION = YES;
				CLANG_WARN_INT_CONVERSION = YES;
				CLANG_WARN_NON_LITERAL_NULL_CONVERSION = YES;
				CLANG_WARN_OBJC_IMPLICIT_RETAIN_SELF = YES;
				CLANG_WARN_OBJC_LITERAL_CONVERSION = YES;
				CLANG_WARN_OBJC_ROOT_CLASS = YES_ERROR;
				CLANG_WARN_QUOTED_INCLUDE_IN_FRAMEWORK_HEADER = YES;
				CLANG_WARN_RANGE_LOOP_ANALYSIS = YES;
				CLANG_WARN_STRICT_PROTOTYPES = YES;
				CLANG_WARN_SUSPICIOUS_MOVE = YES;
				CLANG_WARN_UNGUARDED_AVAILABILITY = YES_AGGRESSIVE;
				CLANG_WARN_UNREACHABLE_CODE = YES;
				CLANG_WARN__DUPLICATE_METHOD_MATCH = YES;
				COPY_PHASE_STRIP = NO;
				DEBUG_INFORMATION_FORMAT = dwarf;
				ENABLE_STRICT_OBJC_MSGSEND = YES;
				ENABLE_TESTABILITY = YES;
				GCC_C_LANGUAGE_STANDARD = gnu11;
				GCC_DYNAMIC_NO_PIC = NO;
				GCC_NO_COMMON_BLOCKS = YES;
				GCC_OPTIMIZATION_LEVEL = 0;
				GCC_PREPROCESSOR_DEFINITIONS = (
					"DEBUG=1",
					"$(inherited)",
				);
				GCC_WARN_64_TO_32_BIT_CONVERSION = YES;
				GCC_WARN_ABOUT_RETURN_TYPE = YES_ERROR;
				GCC_WARN_UNDECLARED_SELECTOR = YES;
				GCC_WARN_UNINITIALIZED_AUTOS = YES_AGGRESSIVE;
				GCC_WARN_UNUSED_FUNCTION = YES;
				GCC_WARN_UNUSED_VARIABLE = YES;
				IPHONEOS_DEPLOYMENT_TARGET = 14.0;
				MTL_ENABLE_DEBUG_INFO = INCLUDE_SOURCE;
				MTL_FAST_MATH = YES;
				ONLY_ACTIVE_ARCH = YES;
				SDKROOT = iphoneos;
				SWIFT_ACTIVE_COMPILATION_CONDITIONS = DEBUG;
				SWIFT_OPTIMIZATION_LEVEL = "-Onone";
			};
			name = Debug;
		};
		A9757ECC24CC47EC00847031 /* Release */ = {
			isa = XCBuildConfiguration;
			buildSettings = {
				ALWAYS_SEARCH_USER_PATHS = NO;
				CLANG_ANALYZER_NONNULL = YES;
				CLANG_ANALYZER_NUMBER_OBJECT_CONVERSION = YES_AGGRESSIVE;
				CLANG_CXX_LANGUAGE_STANDARD = "gnu++14";
				CLANG_CXX_LIBRARY = "libc++";
				CLANG_ENABLE_MODULES = YES;
				CLANG_ENABLE_OBJC_ARC = YES;
				CLANG_ENABLE_OBJC_WEAK = YES;
				CLANG_WARN_BLOCK_CAPTURE_AUTORELEASING = YES;
				CLANG_WARN_BOOL_CONVERSION = YES;
				CLANG_WARN_COMMA = YES;
				CLANG_WARN_CONSTANT_CONVERSION = YES;
				CLANG_WARN_DEPRECATED_OBJC_IMPLEMENTATIONS = YES;
				CLANG_WARN_DIRECT_OBJC_ISA_USAGE = YES_ERROR;
				CLANG_WARN_DOCUMENTATION_COMMENTS = YES;
				CLANG_WARN_EMPTY_BODY = YES;
				CLANG_WARN_ENUM_CONVERSION = YES;
				CLANG_WARN_INFINITE_RECURSION = YES;
				CLANG_WARN_INT_CONVERSION = YES;
				CLANG_WARN_NON_LITERAL_NULL_CONVERSION = YES;
				CLANG_WARN_OBJC_IMPLICIT_RETAIN_SELF = YES;
				CLANG_WARN_OBJC_LITERAL_CONVERSION = YES;
				CLANG_WARN_OBJC_ROOT_CLASS = YES_ERROR;
				CLANG_WARN_QUOTED_INCLUDE_IN_FRAMEWORK_HEADER = YES;
				CLANG_WARN_RANGE_LOOP_ANALYSIS = YES;
				CLANG_WARN_STRICT_PROTOTYPES = YES;
				CLANG_WARN_SUSPICIOUS_MOVE = YES;
				CLANG_WARN_UNGUARDED_AVAILABILITY = YES_AGGRESSIVE;
				CLANG_WARN_UNREACHABLE_CODE = YES;
				CLANG_WARN__DUPLICATE_METHOD_MATCH = YES;
				COPY_PHASE_STRIP = NO;
				DEBUG_INFORMATION_FORMAT = "dwarf-with-dsym";
				ENABLE_NS_ASSERTIONS = NO;
				ENABLE_STRICT_OBJC_MSGSEND = YES;
				GCC_C_LANGUAGE_STANDARD = gnu11;
				GCC_NO_COMMON_BLOCKS = YES;
				GCC_WARN_64_TO_32_BIT_CONVERSION = YES;
				GCC_WARN_ABOUT_RETURN_TYPE = YES_ERROR;
				GCC_WARN_UNDECLARED_SELECTOR = YES;
				GCC_WARN_UNINITIALIZED_AUTOS = YES_AGGRESSIVE;
				GCC_WARN_UNUSED_FUNCTION = YES;
				GCC_WARN_UNUSED_VARIABLE = YES;
				IPHONEOS_DEPLOYMENT_TARGET = 14.0;
				MTL_ENABLE_DEBUG_INFO = NO;
				MTL_FAST_MATH = YES;
				SDKROOT = iphoneos;
				SWIFT_COMPILATION_MODE = wholemodule;
				SWIFT_OPTIMIZATION_LEVEL = "-O";
				VALIDATE_PRODUCT = YES;
			};
			name = Release;
		};
		A9757ECE24CC47EC00847031 /* Debug */ = {
			isa = XCBuildConfiguration;
			buildSettings = {
				ASSETCATALOG_COMPILER_APPICON_NAME = "AppIcon-Tiled-Plain";
				ASSETCATALOG_COMPILER_GLOBAL_ACCENT_COLOR_NAME = AccentColor;
				CODE_SIGN_ENTITLEMENTS = T2iles/T2iles.entitlements;
				CODE_SIGN_STYLE = Automatic;
				DEVELOPMENT_ASSET_PATHS = "\"T2iles/Preview Content\"";
				DEVELOPMENT_TEAM = T3K58FE38R;
				ENABLE_PREVIEWS = YES;
				INFOPLIST_FILE = T2iles/Info.plist;
				IPHONEOS_DEPLOYMENT_TARGET = 14.0;
				LD_RUNPATH_SEARCH_PATHS = (
					"$(inherited)",
					"@executable_path/Frameworks",
				);
				PRODUCT_BUNDLE_IDENTIFIER = eleev.astemir.T2iles;
				PRODUCT_NAME = "$(TARGET_NAME)";
				SUPPORTS_MACCATALYST = YES;
				SWIFT_VERSION = 5.0;
				TARGETED_DEVICE_FAMILY = "1,2";
			};
			name = Debug;
		};
		A9757ECF24CC47EC00847031 /* Release */ = {
			isa = XCBuildConfiguration;
			buildSettings = {
				ASSETCATALOG_COMPILER_APPICON_NAME = "AppIcon-Tiled-Plain";
				ASSETCATALOG_COMPILER_GLOBAL_ACCENT_COLOR_NAME = AccentColor;
				CODE_SIGN_ENTITLEMENTS = T2iles/T2iles.entitlements;
				CODE_SIGN_STYLE = Automatic;
				DEVELOPMENT_ASSET_PATHS = "\"T2iles/Preview Content\"";
				DEVELOPMENT_TEAM = T3K58FE38R;
				ENABLE_PREVIEWS = YES;
				INFOPLIST_FILE = T2iles/Info.plist;
				IPHONEOS_DEPLOYMENT_TARGET = 14.0;
				LD_RUNPATH_SEARCH_PATHS = (
					"$(inherited)",
					"@executable_path/Frameworks",
				);
				PRODUCT_BUNDLE_IDENTIFIER = eleev.astemir.T2iles;
				PRODUCT_NAME = "$(TARGET_NAME)";
				SUPPORTS_MACCATALYST = YES;
				SWIFT_VERSION = 5.0;
				TARGETED_DEVICE_FAMILY = "1,2";
			};
			name = Release;
		};
		A9757ED124CC47EC00847031 /* Debug */ = {
			isa = XCBuildConfiguration;
			buildSettings = {
				ALWAYS_EMBED_SWIFT_STANDARD_LIBRARIES = YES;
				BUNDLE_LOADER = "$(TEST_HOST)";
				CODE_SIGN_STYLE = Automatic;
				DEVELOPMENT_TEAM = T3K58FE38R;
				INFOPLIST_FILE = T2ilesTests/Info.plist;
				IPHONEOS_DEPLOYMENT_TARGET = 14.0;
				LD_RUNPATH_SEARCH_PATHS = (
					"$(inherited)",
					"@executable_path/Frameworks",
					"@loader_path/Frameworks",
				);
				PRODUCT_BUNDLE_IDENTIFIER = eleev.astemir.T2ilesTests;
				PRODUCT_NAME = "$(TARGET_NAME)";
				SWIFT_VERSION = 5.0;
				TARGETED_DEVICE_FAMILY = "1,2";
				TEST_HOST = "$(BUILT_PRODUCTS_DIR)/T2iles.app/T2iles";
			};
			name = Debug;
		};
		A9757ED224CC47EC00847031 /* Release */ = {
			isa = XCBuildConfiguration;
			buildSettings = {
				ALWAYS_EMBED_SWIFT_STANDARD_LIBRARIES = YES;
				BUNDLE_LOADER = "$(TEST_HOST)";
				CODE_SIGN_STYLE = Automatic;
				DEVELOPMENT_TEAM = T3K58FE38R;
				INFOPLIST_FILE = T2ilesTests/Info.plist;
				IPHONEOS_DEPLOYMENT_TARGET = 14.0;
				LD_RUNPATH_SEARCH_PATHS = (
					"$(inherited)",
					"@executable_path/Frameworks",
					"@loader_path/Frameworks",
				);
				PRODUCT_BUNDLE_IDENTIFIER = eleev.astemir.T2ilesTests;
				PRODUCT_NAME = "$(TARGET_NAME)";
				SWIFT_VERSION = 5.0;
				TARGETED_DEVICE_FAMILY = "1,2";
				TEST_HOST = "$(BUILT_PRODUCTS_DIR)/T2iles.app/T2iles";
			};
			name = Release;
		};
		A9757ED424CC47EC00847031 /* Debug */ = {
			isa = XCBuildConfiguration;
			buildSettings = {
				ALWAYS_EMBED_SWIFT_STANDARD_LIBRARIES = YES;
				CODE_SIGN_STYLE = Automatic;
				DEVELOPMENT_TEAM = T3K58FE38R;
				INFOPLIST_FILE = T2ilesUITests/Info.plist;
				LD_RUNPATH_SEARCH_PATHS = (
					"$(inherited)",
					"@executable_path/Frameworks",
					"@loader_path/Frameworks",
				);
				PRODUCT_BUNDLE_IDENTIFIER = eleev.astemir.T2ilesUITests;
				PRODUCT_NAME = "$(TARGET_NAME)";
				SWIFT_VERSION = 5.0;
				TARGETED_DEVICE_FAMILY = "1,2";
				TEST_TARGET_NAME = T2iles;
			};
			name = Debug;
		};
		A9757ED524CC47EC00847031 /* Release */ = {
			isa = XCBuildConfiguration;
			buildSettings = {
				ALWAYS_EMBED_SWIFT_STANDARD_LIBRARIES = YES;
				CODE_SIGN_STYLE = Automatic;
				DEVELOPMENT_TEAM = T3K58FE38R;
				INFOPLIST_FILE = T2ilesUITests/Info.plist;
				LD_RUNPATH_SEARCH_PATHS = (
					"$(inherited)",
					"@executable_path/Frameworks",
					"@loader_path/Frameworks",
				);
				PRODUCT_BUNDLE_IDENTIFIER = eleev.astemir.T2ilesUITests;
				PRODUCT_NAME = "$(TARGET_NAME)";
				SWIFT_VERSION = 5.0;
				TARGETED_DEVICE_FAMILY = "1,2";
				TEST_TARGET_NAME = T2iles;
			};
			name = Release;
		};
/* End XCBuildConfiguration section */

/* Begin XCConfigurationList section */
		A9757EA324CC47EB00847031 /* Build configuration list for PBXProject "T2iles" */ = {
			isa = XCConfigurationList;
			buildConfigurations = (
				A9757ECB24CC47EC00847031 /* Debug */,
				A9757ECC24CC47EC00847031 /* Release */,
			);
			defaultConfigurationIsVisible = 0;
			defaultConfigurationName = Release;
		};
		A9757ECD24CC47EC00847031 /* Build configuration list for PBXNativeTarget "T2iles" */ = {
			isa = XCConfigurationList;
			buildConfigurations = (
				A9757ECE24CC47EC00847031 /* Debug */,
				A9757ECF24CC47EC00847031 /* Release */,
			);
			defaultConfigurationIsVisible = 0;
			defaultConfigurationName = Release;
		};
		A9757ED024CC47EC00847031 /* Build configuration list for PBXNativeTarget "T2ilesTests" */ = {
			isa = XCConfigurationList;
			buildConfigurations = (
				A9757ED124CC47EC00847031 /* Debug */,
				A9757ED224CC47EC00847031 /* Release */,
			);
			defaultConfigurationIsVisible = 0;
			defaultConfigurationName = Release;
		};
		A9757ED324CC47EC00847031 /* Build configuration list for PBXNativeTarget "T2ilesUITests" */ = {
			isa = XCConfigurationList;
			buildConfigurations = (
				A9757ED424CC47EC00847031 /* Debug */,
				A9757ED524CC47EC00847031 /* Release */,
			);
			defaultConfigurationIsVisible = 0;
			defaultConfigurationName = Release;
		};
/* End XCConfigurationList section */
	};
	rootObject = A9757EA024CC47EB00847031 /* Project object */;
}
