// !$*UTF8*$!
{
	archiveVersion = 1;
	classes = {
	};
	objectVersion = 50;
	objects = {

/* Begin PBXBuildFile section */
		A9757EAC24CC47EC00847031 /* T2ilesApp.swift in Sources */ = {isa = PBXBuildFile; fileRef = A9757EAB24CC47EC00847031 /* T2ilesApp.swift */; };
		A9757EAE24CC47EC00847031 /* ContentView.swift in Sources */ = {isa = PBXBuildFile; fileRef = A9757EAD24CC47EC00847031 /* ContentView.swift */; };
		A9757EB024CC47EC00847031 /* Assets.xcassets in Resources */ = {isa = PBXBuildFile; fileRef = A9757EAF24CC47EC00847031 /* Assets.xcassets */; };
		A9757EB324CC47EC00847031 /* Preview Assets.xcassets in Resources */ = {isa = PBXBuildFile; fileRef = A9757EB224CC47EC00847031 /* Preview Assets.xcassets */; };
		A9757EBE24CC47EC00847031 /* T2ilesTests.swift in Sources */ = {isa = PBXBuildFile; fileRef = A9757EBD24CC47EC00847031 /* T2ilesTests.swift */; };
		A9757EC924CC47EC00847031 /* T2ilesUITests.swift in Sources */ = {isa = PBXBuildFile; fileRef = A9757EC824CC47EC00847031 /* T2ilesUITests.swift */; };
/* End PBXBuildFile section */

/* Begin PBXContainerItemProxy section */
		A9757EBA24CC47EC00847031 /* PBXContainerItemProxy */ = {
			isa = PBXContainerItemProxy;
			containerPortal = A9757EA024CC47EB00847031 /* Project object */;
			proxyType = 1;
			remoteGlobalIDString = A9757EA724CC47EC00847031;
			remoteInfo = T2iles;
		};
		A9757EC524CC47EC00847031 /* PBXContainerItemProxy */ = {
			isa = PBXContainerItemProxy;
			containerPortal = A9757EA024CC47EB00847031 /* Project object */;
			proxyType = 1;
			remoteGlobalIDString = A9757EA724CC47EC00847031;
			remoteInfo = T2iles;
		};
/* End PBXContainerItemProxy section */

/* Begin PBXFileReference section */
		A9757EA824CC47EC00847031 /* T2iles.app */ = {isa = PBXFileReference; explicitFileType = wrapper.application; includeInIndex = 0; path = T2iles.app; sourceTree = BUILT_PRODUCTS_DIR; };
		A9757EAB24CC47EC00847031 /* T2ilesApp.swift */ = {isa = PBXFileReference; lastKnownFileType = sourcecode.swift; path = T2ilesApp.swift; sourceTree = "<group>"; };
		A9757EAD24CC47EC00847031 /* ContentView.swift */ = {isa = PBXFileReference; lastKnownFileType = sourcecode.swift; path = ContentView.swift; sourceTree = "<group>"; };
		A9757EAF24CC47EC00847031 /* Assets.xcassets */ = {isa = PBXFileReference; lastKnownFileType = folder.assetcatalog; path = Assets.xcassets; sourceTree = "<group>"; };
		A9757EB224CC47EC00847031 /* Preview Assets.xcassets */ = {isa = PBXFileReference; lastKnownFileType = folder.assetcatalog; path = "Preview Assets.xcassets"; sourceTree = "<group>"; };
		A9757EB424CC47EC00847031 /* Info.plist */ = {isa = PBXFileReference; lastKnownFileType = text.plist.xml; path = Info.plist; sourceTree = "<group>"; };
		A9757EB924CC47EC00847031 /* T2ilesTests.xctest */ = {isa = PBXFileReference; explicitFileType = wrapper.cfbundle; includeInIndex = 0; path = T2ilesTests.xctest; sourceTree = BUILT_PRODUCTS_DIR; };
		A9757EBD24CC47EC00847031 /* T2ilesTests.swift */ = {isa = PBXFileReference; lastKnownFileType = sourcecode.swift; path = T2ilesTests.swift; sourceTree = "<group>"; };
		A9757EBF24CC47EC00847031 /* Info.plist */ = {isa = PBXFileReference; lastKnownFileType = text.plist.xml; path = Info.plist; sourceTree = "<group>"; };
		A9757EC424CC47EC00847031 /* T2ilesUITests.xctest */ = {isa = PBXFileReference; explicitFileType = wrapper.cfbundle; includeInIndex = 0; path = T2ilesUITests.xctest; sourceTree = BUILT_PRODUCTS_DIR; };
		A9757EC824CC47EC00847031 /* T2ilesUITests.swift */ = {isa = PBXFileReference; lastKnownFileType = sourcecode.swift; path = T2ilesUITests.swift; sourceTree = "<group>"; };
		A9757ECA24CC47EC00847031 /* Info.plist */ = {isa = PBXFileReference; lastKnownFileType = text.plist.xml; path = Info.plist; sourceTree = "<group>"; };
/* End PBXFileReference section */

/* Begin PBXFrameworksBuildPhase section */
		A9757EA524CC47EC00847031 /* Frameworks */ = {
			isa = PBXFrameworksBuildPhase;
			buildActionMask = 2147483647;
			files = (
			);
			runOnlyForDeploymentPostprocessing = 0;
		};
		A9757EB624CC47EC00847031 /* Frameworks */ = {
			isa = PBXFrameworksBuildPhase;
			buildActionMask = 2147483647;
			files = (
			);
			runOnlyForDeploymentPostprocessing = 0;
		};
		A9757EC124CC47EC00847031 /* Frameworks */ = {
			isa = PBXFrameworksBuildPhase;
			buildActionMask = 2147483647;
			files = (
			);
			runOnlyForDeploymentPostprocessing = 0;
		};
/* End PBXFrameworksBuildPhase section */

/* Begin PBXGroup section */
		A9757E9F24CC47EB00847031 = {
			isa = PBXGroup;
			children = (
				A9757EAA24CC47EC00847031 /* T2iles */,
				A9757EBC24CC47EC00847031 /* T2ilesTests */,
				A9757EC724CC47EC00847031 /* T2ilesUITests */,
				A9757EA924CC47EC00847031 /* Products */,
			);
			sourceTree = "<group>";
		};
		A9757EA924CC47EC00847031 /* Products */ = {
			isa = PBXGroup;
			children = (
				A9757EA824CC47EC00847031 /* T2iles.app */,
				A9757EB924CC47EC00847031 /* T2ilesTests.xctest */,
				A9757EC424CC47EC00847031 /* T2ilesUITests.xctest */,
			);
			name = Products;
			sourceTree = "<group>";
		};
		A9757EAA24CC47EC00847031 /* T2iles */ = {
			isa = PBXGroup;
			children = (
				A9757EAB24CC47EC00847031 /* T2ilesApp.swift */,
				A9757EAD24CC47EC00847031 /* ContentView.swift */,
				A9757EAF24CC47EC00847031 /* Assets.xcassets */,
				A9757EB424CC47EC00847031 /* Info.plist */,
				A9757EB124CC47EC00847031 /* Preview Content */,
			);
			path = T2iles;
			sourceTree = "<group>";
		};
		A9757EB124CC47EC00847031 /* Preview Content */ = {
			isa = PBXGroup;
			children = (
				A9757EB224CC47EC00847031 /* Preview Assets.xcassets */,
			);
			path = "Preview Content";
			sourceTree = "<group>";
		};
		A9757EBC24CC47EC00847031 /* T2ilesTests */ = {
			isa = PBXGroup;
			children = (
				A9757EBD24CC47EC00847031 /* T2ilesTests.swift */,
				A9757EBF24CC47EC00847031 /* Info.plist */,
			);
			path = T2ilesTests;
			sourceTree = "<group>";
		};
		A9757EC724CC47EC00847031 /* T2ilesUITests */ = {
			isa = PBXGroup;
			children = (
				A9757EC824CC47EC00847031 /* T2ilesUITests.swift */,
				A9757ECA24CC47EC00847031 /* Info.plist */,
			);
			path = T2ilesUITests;
			sourceTree = "<group>";
		};
/* End PBXGroup section */

/* Begin PBXNativeTarget section */
		A9757EA724CC47EC00847031 /* T2iles */ = {
			isa = PBXNativeTarget;
			buildConfigurationList = A9757ECD24CC47EC00847031 /* Build configuration list for PBXNativeTarget "T2iles" */;
			buildPhases = (
				A9757EA424CC47EC00847031 /* Sources */,
				A9757EA524CC47EC00847031 /* Frameworks */,
				A9757EA624CC47EC00847031 /* Resources */,
			);
			buildRules = (
			);
			dependencies = (
			);
			name = T2iles;
			productName = T2iles;
			productReference = A9757EA824CC47EC00847031 /* T2iles.app */;
			productType = "com.apple.product-type.application";
		};
		A9757EB824CC47EC00847031 /* T2ilesTests */ = {
			isa = PBXNativeTarget;
			buildConfigurationList = A9757ED024CC47EC00847031 /* Build configuration list for PBXNativeTarget "T2ilesTests" */;
			buildPhases = (
				A9757EB524CC47EC00847031 /* Sources */,
				A9757EB624CC47EC00847031 /* Frameworks */,
				A9757EB724CC47EC00847031 /* Resources */,
			);
			buildRules = (
			);
			dependencies = (
				A9757EBB24CC47EC00847031 /* PBXTargetDependency */,
			);
			name = T2ilesTests;
			productName = T2ilesTests;
			productReference = A9757EB924CC47EC00847031 /* T2ilesTests.xctest */;
			productType = "com.apple.product-type.bundle.unit-test";
		};
		A9757EC324CC47EC00847031 /* T2ilesUITests */ = {
			isa = PBXNativeTarget;
			buildConfigurationList = A9757ED324CC47EC00847031 /* Build configuration list for PBXNativeTarget "T2ilesUITests" */;
			buildPhases = (
				A9757EC024CC47EC00847031 /* Sources */,
				A9757EC124CC47EC00847031 /* Frameworks */,
				A9757EC224CC47EC00847031 /* Resources */,
			);
			buildRules = (
			);
			dependencies = (
				A9757EC624CC47EC00847031 /* PBXTargetDependency */,
			);
			name = T2ilesUITests;
			productName = T2ilesUITests;
			productReference = A9757EC424CC47EC00847031 /* T2ilesUITests.xctest */;
			productType = "com.apple.product-type.bundle.ui-testing";
		};
/* End PBXNativeTarget section */

/* Begin PBXProject section */
		A9757EA024CC47EB00847031 /* Project object */ = {
			isa = PBXProject;
			attributes = {
				LastSwiftUpdateCheck = 1200;
				LastUpgradeCheck = 1200;
				TargetAttributes = {
					A9757EA724CC47EC00847031 = {
						CreatedOnToolsVersion = 12.0;
					};
					A9757EB824CC47EC00847031 = {
						CreatedOnToolsVersion = 12.0;
						TestTargetID = A9757EA724CC47EC00847031;
					};
					A9757EC324CC47EC00847031 = {
						CreatedOnToolsVersion = 12.0;
						TestTargetID = A9757EA724CC47EC00847031;
					};
				};
			};
			buildConfigurationList = A9757EA324CC47EB00847031 /* Build configuration list for PBXProject "T2iles" */;
			compatibilityVersion = "Xcode 9.3";
			developmentRegion = en;
			hasScannedForEncodings = 0;
			knownRegions = (
				en,
				Base,
			);
			mainGroup = A9757E9F24CC47EB00847031;
			productRefGroup = A9757EA924CC47EC00847031 /* Products */;
			projectDirPath = "";
			projectRoot = "";
			targets = (
				A9757EA724CC47EC00847031 /* T2iles */,
				A9757EB824CC47EC00847031 /* T2ilesTests */,
				A9757EC324CC47EC00847031 /* T2ilesUITests */,
			);
		};
/* End PBXProject section */

/* Begin PBXResourcesBuildPhase section */
		A9757EA624CC47EC00847031 /* Resources */ = {
			isa = PBXResourcesBuildPhase;
			buildActionMask = 2147483647;
			files = (
				A9757EB324CC47EC00847031 /* Preview Assets.xcassets in Resources */,
				A9757EB024CC47EC00847031 /* Assets.xcassets in Resources */,
			);
			runOnlyForDeploymentPostprocessing = 0;
		};
		A9757EB724CC47EC00847031 /* Resources */ = {
			isa = PBXResourcesBuildPhase;
			buildActionMask = 2147483647;
			files = (
			);
			runOnlyForDeploymentPostprocessing = 0;
		};
		A9757EC224CC47EC00847031 /* Resources */ = {
			isa = PBXResourcesBuildPhase;
			buildActionMask = 2147483647;
			files = (
			);
			runOnlyForDeploymentPostprocessing = 0;
		};
/* End PBXResourcesBuildPhase section */

/* Begin PBXSourcesBuildPhase section */
		A9757EA424CC47EC00847031 /* Sources */ = {
			isa = PBXSourcesBuildPhase;
			buildActionMask = 2147483647;
			files = (
				A9757EAE24CC47EC00847031 /* ContentView.swift in Sources */,
				A9757EAC24CC47EC00847031 /* T2ilesApp.swift in Sources */,
			);
			runOnlyForDeploymentPostprocessing = 0;
		};
		A9757EB524CC47EC00847031 /* Sources */ = {
			isa = PBXSourcesBuildPhase;
			buildActionMask = 2147483647;
			files = (
				A9757EBE24CC47EC00847031 /* T2ilesTests.swift in Sources */,
			);
			runOnlyForDeploymentPostprocessing = 0;
		};
		A9757EC024CC47EC00847031 /* Sources */ = {
			isa = PBXSourcesBuildPhase;
			buildActionMask = 2147483647;
			files = (
				A9757EC924CC47EC00847031 /* T2ilesUITests.swift in Sources */,
			);
			runOnlyForDeploymentPostprocessing = 0;
		};
/* End PBXSourcesBuildPhase section */

/* Begin PBXTargetDependency section */
		A9757EBB24CC47EC00847031 /* PBXTargetDependency */ = {
			isa = PBXTargetDependency;
			target = A9757EA724CC47EC00847031 /* T2iles */;
			targetProxy = A9757EBA24CC47EC00847031 /* PBXContainerItemProxy */;
		};
		A9757EC624CC47EC00847031 /* PBXTargetDependency */ = {
			isa = PBXTargetDependency;
			target = A9757EA724CC47EC00847031 /* T2iles */;
			targetProxy = A9757EC524CC47EC00847031 /* PBXContainerItemProxy */;
		};
/* End PBXTargetDependency section */

/* Begin XCBuildConfiguration section */
		A9757ECB24CC47EC00847031 /* Debug */ = {
			isa = XCBuildConfiguration;
			buildSettings = {
				ALWAYS_SEARCH_USER_PATHS = NO;
				CLANG_ANALYZER_NONNULL = YES;
				CLANG_ANALYZER_NUMBER_OBJECT_CONVERSION = YES_AGGRESSIVE;
				CLANG_CXX_LANGUAGE_STANDARD = "gnu++14";
				CLANG_CXX_LIBRARY = "libc++";
				CLANG_ENABLE_MODULES = YES;
				CLANG_ENABLE_OBJC_ARC = YES;
				CLANG_ENABLE_OBJC_WEAK = YES;
				CLANG_WARN_BLOCK_CAPTURE_AUTORELEASING = YES;
				CLANG_WARN_BOOL_CONVERSION = YES;
				CLANG_WARN_COMMA = YES;
				CLANG_WARN_CONSTANT_CONVERSION = YES;
				CLANG_WARN_DEPRECATED_OBJC_IMPLEMENTATIONS = YES;
				CLANG_WARN_DIRECT_OBJC_ISA_USAGE = YES_ERROR;
				CLANG_WARN_DOCUMENTATION_COMMENTS = YES;
				CLANG_WARN_EMPTY_BODY = YES;
				CLANG_WARN_ENUM_CONVERSION = YES;
				CLANG_WARN_INFINITE_RECURSION = YES;
				CLANG_WARN_INT_CONVERSION = YES;
				CLANG_WARN_NON_LITERAL_NULL_CONVERSION = YES;
				CLANG_WARN_OBJC_IMPLICIT_RETAIN_SELF = YES;
				CLANG_WARN_OBJC_LITERAL_CONVERSION = YES;
				CLANG_WARN_OBJC_ROOT_CLASS = YES_ERROR;
				CLANG_WARN_QUOTED_INCLUDE_IN_FRAMEWORK_HEADER = YES;
				CLANG_WARN_RANGE_LOOP_ANALYSIS = YES;
				CLANG_WARN_STRICT_PROTOTYPES = YES;
				CLANG_WARN_SUSPICIOUS_MOVE = YES;
				CLANG_WARN_UNGUARDED_AVAILABILITY = YES_AGGRESSIVE;
				CLANG_WARN_UNREACHABLE_CODE = YES;
				CLANG_WARN__DUPLICATE_METHOD_MATCH = YES;
				COPY_PHASE_STRIP = NO;
				DEBUG_INFORMATION_FORMAT = dwarf;
				ENABLE_STRICT_OBJC_MSGSEND = YES;
				ENABLE_TESTABILITY = YES;
				GCC_C_LANGUAGE_STANDARD = gnu11;
				GCC_DYNAMIC_NO_PIC = NO;
				GCC_NO_COMMON_BLOCKS = YES;
				GCC_OPTIMIZATION_LEVEL = 0;
				GCC_PREPROCESSOR_DEFINITIONS = (
					"DEBUG=1",
					"$(inherited)",
				);
				GCC_WARN_64_TO_32_BIT_CONVERSION = YES;
				GCC_WARN_ABOUT_RETURN_TYPE = YES_ERROR;
				GCC_WARN_UNDECLARED_SELECTOR = YES;
				GCC_WARN_UNINITIALIZED_AUTOS = YES_AGGRESSIVE;
				GCC_WARN_UNUSED_FUNCTION = YES;
				GCC_WARN_UNUSED_VARIABLE = YES;
				IPHONEOS_DEPLOYMENT_TARGET = 14.0;
				MTL_ENABLE_DEBUG_INFO = INCLUDE_SOURCE;
				MTL_FAST_MATH = YES;
				ONLY_ACTIVE_ARCH = YES;
				SDKROOT = iphoneos;
				SWIFT_ACTIVE_COMPILATION_CONDITIONS = DEBUG;
				SWIFT_OPTIMIZATION_LEVEL = "-Onone";
			};
			name = Debug;
		};
		A9757ECC24CC47EC00847031 /* Release */ = {
			isa = XCBuildConfiguration;
			buildSettings = {
				ALWAYS_SEARCH_USER_PATHS = NO;
				CLANG_ANALYZER_NONNULL = YES;
				CLANG_ANALYZER_NUMBER_OBJECT_CONVERSION = YES_AGGRESSIVE;
				CLANG_CXX_LANGUAGE_STANDARD = "gnu++14";
				CLANG_CXX_LIBRARY = "libc++";
				CLANG_ENABLE_MODULES = YES;
				CLANG_ENABLE_OBJC_ARC = YES;
				CLANG_ENABLE_OBJC_WEAK = YES;
				CLANG_WARN_BLOCK_CAPTURE_AUTORELEASING = YES;
				CLANG_WARN_BOOL_CONVERSION = YES;
				CLANG_WARN_COMMA = YES;
				CLANG_WARN_CONSTANT_CONVERSION = YES;
				CLANG_WARN_DEPRECATED_OBJC_IMPLEMENTATIONS = YES;
				CLANG_WARN_DIRECT_OBJC_ISA_USAGE = YES_ERROR;
				CLANG_WARN_DOCUMENTATION_COMMENTS = YES;
				CLANG_WARN_EMPTY_BODY = YES;
				CLANG_WARN_ENUM_CONVERSION = YES;
				CLANG_WARN_INFINITE_RECURSION = YES;
				CLANG_WARN_INT_CONVERSION = YES;
				CLANG_WARN_NON_LITERAL_NULL_CONVERSION = YES;
				CLANG_WARN_OBJC_IMPLICIT_RETAIN_SELF = YES;
				CLANG_WARN_OBJC_LITERAL_CONVERSION = YES;
				CLANG_WARN_OBJC_ROOT_CLASS = YES_ERROR;
				CLANG_WARN_QUOTED_INCLUDE_IN_FRAMEWORK_HEADER = YES;
				CLANG_WARN_RANGE_LOOP_ANALYSIS = YES;
				CLANG_WARN_STRICT_PROTOTYPES = YES;
				CLANG_WARN_SUSPICIOUS_MOVE = YES;
				CLANG_WARN_UNGUARDED_AVAILABILITY = YES_AGGRESSIVE;
				CLANG_WARN_UNREACHABLE_CODE = YES;
				CLANG_WARN__DUPLICATE_METHOD_MATCH = YES;
				COPY_PHASE_STRIP = NO;
				DEBUG_INFORMATION_FORMAT = "dwarf-with-dsym";
				ENABLE_NS_ASSERTIONS = NO;
				ENABLE_STRICT_OBJC_MSGSEND = YES;
				GCC_C_LANGUAGE_STANDARD = gnu11;
				GCC_NO_COMMON_BLOCKS = YES;
				GCC_WARN_64_TO_32_BIT_CONVERSION = YES;
				GCC_WARN_ABOUT_RETURN_TYPE = YES_ERROR;
				GCC_WARN_UNDECLARED_SELECTOR = YES;
				GCC_WARN_UNINITIALIZED_AUTOS = YES_AGGRESSIVE;
				GCC_WARN_UNUSED_FUNCTION = YES;
				GCC_WARN_UNUSED_VARIABLE = YES;
				IPHONEOS_DEPLOYMENT_TARGET = 14.0;
				MTL_ENABLE_DEBUG_INFO = NO;
				MTL_FAST_MATH = YES;
				SDKROOT = iphoneos;
				SWIFT_COMPILATION_MODE = wholemodule;
				SWIFT_OPTIMIZATION_LEVEL = "-O";
				VALIDATE_PRODUCT = YES;
			};
			name = Release;
		};
		A9757ECE24CC47EC00847031 /* Debug */ = {
			isa = XCBuildConfiguration;
			buildSettings = {
				ASSETCATALOG_COMPILER_APPICON_NAME = AppIcon;
				ASSETCATALOG_COMPILER_GLOBAL_ACCENT_COLOR_NAME = AccentColor;
				CODE_SIGN_STYLE = Automatic;
				DEVELOPMENT_ASSET_PATHS = "\"T2iles/Preview Content\"";
				DEVELOPMENT_TEAM = T3K58FE38R;
				ENABLE_PREVIEWS = YES;
				INFOPLIST_FILE = T2iles/Info.plist;
				IPHONEOS_DEPLOYMENT_TARGET = 14.0;
				LD_RUNPATH_SEARCH_PATHS = (
					"$(inherited)",
					"@executable_path/Frameworks",
				);
				PRODUCT_BUNDLE_IDENTIFIER = eleev.astemir.T2iles;
				PRODUCT_NAME = "$(TARGET_NAME)";
				SWIFT_VERSION = 5.0;
				TARGETED_DEVICE_FAMILY = "1,2";
			};
			name = Debug;
		};
		A9757ECF24CC47EC00847031 /* Release */ = {
			isa = XCBuildConfiguration;
			buildSettings = {
				ASSETCATALOG_COMPILER_APPICON_NAME = AppIcon;
				ASSETCATALOG_COMPILER_GLOBAL_ACCENT_COLOR_NAME = AccentColor;
				CODE_SIGN_STYLE = Automatic;
				DEVELOPMENT_ASSET_PATHS = "\"T2iles/Preview Content\"";
				DEVELOPMENT_TEAM = T3K58FE38R;
				ENABLE_PREVIEWS = YES;
				INFOPLIST_FILE = T2iles/Info.plist;
				IPHONEOS_DEPLOYMENT_TARGET = 14.0;
				LD_RUNPATH_SEARCH_PATHS = (
					"$(inherited)",
					"@executable_path/Frameworks",
				);
				PRODUCT_BUNDLE_IDENTIFIER = eleev.astemir.T2iles;
				PRODUCT_NAME = "$(TARGET_NAME)";
				SWIFT_VERSION = 5.0;
				TARGETED_DEVICE_FAMILY = "1,2";
			};
			name = Release;
		};
		A9757ED124CC47EC00847031 /* Debug */ = {
			isa = XCBuildConfiguration;
			buildSettings = {
				ALWAYS_EMBED_SWIFT_STANDARD_LIBRARIES = YES;
				BUNDLE_LOADER = "$(TEST_HOST)";
				CODE_SIGN_STYLE = Automatic;
				DEVELOPMENT_TEAM = T3K58FE38R;
				INFOPLIST_FILE = T2ilesTests/Info.plist;
				IPHONEOS_DEPLOYMENT_TARGET = 14.0;
				LD_RUNPATH_SEARCH_PATHS = (
					"$(inherited)",
					"@executable_path/Frameworks",
					"@loader_path/Frameworks",
				);
				PRODUCT_BUNDLE_IDENTIFIER = eleev.astemir.T2ilesTests;
				PRODUCT_NAME = "$(TARGET_NAME)";
				SWIFT_VERSION = 5.0;
				TARGETED_DEVICE_FAMILY = "1,2";
				TEST_HOST = "$(BUILT_PRODUCTS_DIR)/T2iles.app/T2iles";
			};
			name = Debug;
		};
		A9757ED224CC47EC00847031 /* Release */ = {
			isa = XCBuildConfiguration;
			buildSettings = {
				ALWAYS_EMBED_SWIFT_STANDARD_LIBRARIES = YES;
				BUNDLE_LOADER = "$(TEST_HOST)";
				CODE_SIGN_STYLE = Automatic;
				DEVELOPMENT_TEAM = T3K58FE38R;
				INFOPLIST_FILE = T2ilesTests/Info.plist;
				IPHONEOS_DEPLOYMENT_TARGET = 14.0;
				LD_RUNPATH_SEARCH_PATHS = (
					"$(inherited)",
					"@executable_path/Frameworks",
					"@loader_path/Frameworks",
				);
				PRODUCT_BUNDLE_IDENTIFIER = eleev.astemir.T2ilesTests;
				PRODUCT_NAME = "$(TARGET_NAME)";
				SWIFT_VERSION = 5.0;
				TARGETED_DEVICE_FAMILY = "1,2";
				TEST_HOST = "$(BUILT_PRODUCTS_DIR)/T2iles.app/T2iles";
			};
			name = Release;
		};
		A9757ED424CC47EC00847031 /* Debug */ = {
			isa = XCBuildConfiguration;
			buildSettings = {
				ALWAYS_EMBED_SWIFT_STANDARD_LIBRARIES = YES;
				CODE_SIGN_STYLE = Automatic;
				DEVELOPMENT_TEAM = T3K58FE38R;
				INFOPLIST_FILE = T2ilesUITests/Info.plist;
				LD_RUNPATH_SEARCH_PATHS = (
					"$(inherited)",
					"@executable_path/Frameworks",
					"@loader_path/Frameworks",
				);
				PRODUCT_BUNDLE_IDENTIFIER = eleev.astemir.T2ilesUITests;
				PRODUCT_NAME = "$(TARGET_NAME)";
				SWIFT_VERSION = 5.0;
				TARGETED_DEVICE_FAMILY = "1,2";
				TEST_TARGET_NAME = T2iles;
			};
			name = Debug;
		};
		A9757ED524CC47EC00847031 /* Release */ = {
			isa = XCBuildConfiguration;
			buildSettings = {
				ALWAYS_EMBED_SWIFT_STANDARD_LIBRARIES = YES;
				CODE_SIGN_STYLE = Automatic;
				DEVELOPMENT_TEAM = T3K58FE38R;
				INFOPLIST_FILE = T2ilesUITests/Info.plist;
				LD_RUNPATH_SEARCH_PATHS = (
					"$(inherited)",
					"@executable_path/Frameworks",
					"@loader_path/Frameworks",
				);
				PRODUCT_BUNDLE_IDENTIFIER = eleev.astemir.T2ilesUITests;
				PRODUCT_NAME = "$(TARGET_NAME)";
				SWIFT_VERSION = 5.0;
				TARGETED_DEVICE_FAMILY = "1,2";
				TEST_TARGET_NAME = T2iles;
			};
			name = Release;
		};
/* End XCBuildConfiguration section */

/* Begin XCConfigurationList section */
		A9757EA324CC47EB00847031 /* Build configuration list for PBXProject "T2iles" */ = {
			isa = XCConfigurationList;
			buildConfigurations = (
				A9757ECB24CC47EC00847031 /* Debug */,
				A9757ECC24CC47EC00847031 /* Release */,
			);
			defaultConfigurationIsVisible = 0;
			defaultConfigurationName = Release;
		};
		A9757ECD24CC47EC00847031 /* Build configuration list for PBXNativeTarget "T2iles" */ = {
			isa = XCConfigurationList;
			buildConfigurations = (
				A9757ECE24CC47EC00847031 /* Debug */,
				A9757ECF24CC47EC00847031 /* Release */,
			);
			defaultConfigurationIsVisible = 0;
			defaultConfigurationName = Release;
		};
		A9757ED024CC47EC00847031 /* Build configuration list for PBXNativeTarget "T2ilesTests" */ = {
			isa = XCConfigurationList;
			buildConfigurations = (
				A9757ED124CC47EC00847031 /* Debug */,
				A9757ED224CC47EC00847031 /* Release */,
			);
			defaultConfigurationIsVisible = 0;
			defaultConfigurationName = Release;
		};
		A9757ED324CC47EC00847031 /* Build configuration list for PBXNativeTarget "T2ilesUITests" */ = {
			isa = XCConfigurationList;
			buildConfigurations = (
				A9757ED424CC47EC00847031 /* Debug */,
				A9757ED524CC47EC00847031 /* Release */,
			);
			defaultConfigurationIsVisible = 0;
			defaultConfigurationName = Release;
		};
/* End XCConfigurationList section */
	};
	rootObject = A9757EA024CC47EB00847031 /* Project object */;
}
